<Solution>
  <Project Path="CrawfisSoftware.TempleRun.csproj" />
  <Project Path="CrawfisSoftware.TempleRun.Editor.csproj" />
  <Project Path="Assembly-CSharp.csproj" />
  <Project Path="Unity.Services.CloudCode.GeneratedBindings.csproj" />
  <Project Path="CrawfisSoftware.GameFlow.csproj" />
  <Project Path="CrawfisSoftware.ThirdParty.Random.Editor.csproj" />
  <Project Path="CrawfisSoftware.ThirdParty.Editor.csproj" />
  <Project Path="CrawfisSoftware.ThirdParty.csproj" />
</Solution>
